
Microsoft Visual Studio Solution File, Format Version 12.00
# Visual Studio 15
VisualStudioVersion = 15.0.27703.2047
MinimumVisualStudioVersion = 10.0.40219.1
Project("{FAE04EC0-301F-11D3-BF4B-00C04F79EFBC}") = "ADOWinForm", "ADOWinForm\ADOWinForm.csproj", "{571C9668-6262-4492-A3DE-E3BE2E00AB20}"
EndProject
Global
	GlobalSection(SolutionConfigurationPlatforms) = preSolution
		Debug|Any CPU = Debug|Any CPU
		Release|Any CPU = Release|Any CPU
	EndGlobalSection
	GlobalSection(ProjectConfigurationPlatforms) = postSolution
		{571C9668-6262-4492-A3DE-E3BE2E00AB20}.Debug|Any CPU.ActiveCfg = Debug|Any CPU
		{571C9668-6262-4492-A3DE-E3BE2E00AB20}.Debug|Any CPU.Build.0 = Debug|Any CPU
		{571C9668-6262-4492-A3DE-E3BE2E00AB20}.Release|Any CPU.ActiveCfg = Release|Any CPU
		{571C9668-6262-4492-A3DE-E3BE2E00AB20}.Release|Any CPU.Build.0 = Release|Any CPU
	EndGlobalSection
	GlobalSection(SolutionProperties) = preSolution
		HideSolutionNode = FALSE
	EndGlobalSection
	GlobalSection(ExtensibilityGlobals) = postSolution
		SolutionGuid = {9AC9DFE9-6ED9-41DA-98BD-5F137820B87F}
	EndGlobalSection
EndGlobal
